# This file is automatically @generated by Cargo.
# It is not intended for manual editing.
version = 4

[[package]]
name = "display-error-chain"
version = "0.2.2"
source = "registry+https://github.com/rust-lang/crates.io-index"
checksum = "0bc2146e86bc19f52f4c064a64782f05f139ca464ed72937301631e73f8d6cf5"

[[package]]
name = "err_report"
version = "0.1.0"
dependencies = [
 "display-error-chain",
]
